
Microsoft Visual Studio Solution File, Format Version 12.00
# Visual Studio Version 17
VisualStudioVersion = 17.9.34728.123
MinimumVisualStudioVersion = 10.0.40219.1
Project("{FAE04EC0-301F-11D3-BF4B-00C04F79EFBC}") = "WebApiAjax", "WebApiAjax\WebApiAjax.csproj", "{6DDCCE4D-2936-42D5-97DC-F17A638166FD}"
EndProject
Global
	GlobalSection(SolutionConfigurationPlatforms) = preSolution
		Debug|Any CPU = Debug|Any CPU
		Release|Any CPU = Release|Any CPU
	EndGlobalSection
	GlobalSection(ProjectConfigurationPlatforms) = postSolution
		{6DDCCE4D-2936-42D5-97DC-F17A638166FD}.Debug|Any CPU.ActiveCfg = Debug|Any CPU
		{6DDCCE4D-2936-42D5-97DC-F17A638166FD}.Debug|Any CPU.Build.0 = Debug|Any CPU
		{6DDCCE4D-2936-42D5-97DC-F17A638166FD}.Release|Any CPU.ActiveCfg = Release|Any CPU
		{6DDCCE4D-2936-42D5-97DC-F17A638166FD}.Release|Any CPU.Build.0 = Release|Any CPU
	EndGlobalSection
	GlobalSection(SolutionProperties) = preSolution
		HideSolutionNode = FALSE
	EndGlobalSection
	GlobalSection(ExtensibilityGlobals) = postSolution
		SolutionGuid = {09BDD17B-69A8-487B-9C78-D64CB5D62E19}
	EndGlobalSection
EndGlobal
